
Microsoft Visual Studio Solution File, Format Version 12.00
# Visual Studio Version 16
VisualStudioVersion = 16.0.31019.35
MinimumVisualStudioVersion = 10.0.40219.1
Project("{9A19103F-16F7-4668-BE54-9A1E7A4F7556}") = "KurentoWebRTCEcho", "KurentoWebRTCEcho.csproj", "{4630C008-225B-4D42-917E-BD2DB7E70B87}"
EndProject
Global
	GlobalSection(SolutionConfigurationPlatforms) = preSolution
		Debug|Any CPU = Debug|Any CPU
		Release|Any CPU = Release|Any CPU
	EndGlobalSection
	GlobalSection(ProjectConfigurationPlatforms) = postSolution
		{4630C008-225B-4D42-917E-BD2DB7E70B87}.Debug|Any CPU.ActiveCfg = Debug|Any CPU
		{4630C008-225B-4D42-917E-BD2DB7E70B87}.Debug|Any CPU.Build.0 = Debug|Any CPU
		{4630C008-225B-4D42-917E-BD2DB7E70B87}.Release|Any CPU.ActiveCfg = Release|Any CPU
		{4630C008-225B-4D42-917E-BD2DB7E70B87}.Release|Any CPU.Build.0 = Release|Any CPU
	EndGlobalSection
	GlobalSection(SolutionProperties) = preSolution
		HideSolutionNode = FALSE
	EndGlobalSection
	GlobalSection(ExtensibilityGlobals) = postSolution
		SolutionGuid = {91BD28B3-DD3D-4655-B004-2138FA9DAC01}
	EndGlobalSection
EndGlobal
